// !$*UTF8*$!
{
	archiveVersion = 1;
	classes = {
	};
	objectVersion = 50;
	objects = {

/* Begin PBXBuildFile section */
		14361B77251CA9650050C11E /* Choose.storyboard in Resources */ = {isa = PBXBuildFile; fileRef = 14361B76251CA9650050C11E /* Choose.storyboard */; };
		14361B7A251CAC730050C11E /* ChooseView.swift in Sources */ = {isa = PBXBuildFile; fileRef = 14361B79251CAC730050C11E /* ChooseView.swift */; };
		14361B7D251CBCEC0050C11E /* ReadLoud.storyboard in Resources */ = {isa = PBXBuildFile; fileRef = 14361B7C251CBCEC0050C11E /* ReadLoud.storyboard */; };
		14361B80251CBD070050C11E /* ReadView.swift in Sources */ = {isa = PBXBuildFile; fileRef = 14361B7F251CBD070050C11E /* ReadView.swift */; };
		144F63B6252F371B00C9FFFB /* Try2VC.swift in Sources */ = {isa = PBXBuildFile; fileRef = 144F63B5252F371B00C9FFFB /* Try2VC.swift */; };
		146A23B7251BB34C003BD169 /* Start.storyboard in Resources */ = {isa = PBXBuildFile; fileRef = 146A23B6251BB34C003BD169 /* Start.storyboard */; };
		146A23BA251BB36E003BD169 /* StartView.swift in Sources */ = {isa = PBXBuildFile; fileRef = 146A23B9251BB36E003BD169 /* StartView.swift */; };
		14751FFC2513575F00101FF8 /* AppDelegate.swift in Sources */ = {isa = PBXBuildFile; fileRef = 14751FFB2513575F00101FF8 /* AppDelegate.swift */; };
		14751FFE2513575F00101FF8 /* SceneDelegate.swift in Sources */ = {isa = PBXBuildFile; fileRef = 14751FFD2513575F00101FF8 /* SceneDelegate.swift */; };
		147520002513575F00101FF8 /* ViewController.swift in Sources */ = {isa = PBXBuildFile; fileRef = 14751FFF2513575F00101FF8 /* ViewController.swift */; };
		147520032513575F00101FF8 /* Main.storyboard in Resources */ = {isa = PBXBuildFile; fileRef = 147520012513575F00101FF8 /* Main.storyboard */; };
		147520052513576200101FF8 /* Assets.xcassets in Resources */ = {isa = PBXBuildFile; fileRef = 147520042513576200101FF8 /* Assets.xcassets */; };
		147520082513576200101FF8 /* LaunchScreen.storyboard in Resources */ = {isa = PBXBuildFile; fileRef = 147520062513576200101FF8 /* LaunchScreen.storyboard */; };
		14752013251360E800101FF8 /* StoryView.swift in Sources */ = {isa = PBXBuildFile; fileRef = 14752012251360E800101FF8 /* StoryView.swift */; };
		14B53494251BDEFB00E91F41 /* Chewy-Regular.ttf in Resources */ = {isa = PBXBuildFile; fileRef = 14B53493251BDEF600E91F41 /* Chewy-Regular.ttf */; };
		14B5EE5F2539F302005FCDFE /* Musicplayer.swift in Sources */ = {isa = PBXBuildFile; fileRef = 14B5EE5E2539F302005FCDFE /* Musicplayer.swift */; };
		14B5EE632539F94E005FCDFE /* Music.mp3 in Resources */ = {isa = PBXBuildFile; fileRef = 14B5EE622539F94E005FCDFE /* Music.mp3 */; };
		14B5EE69253A08C5005FCDFE /* Woosh.mp3 in Resources */ = {isa = PBXBuildFile; fileRef = 14B5EE68253A08C5005FCDFE /* Woosh.mp3 */; };
/* End PBXBuildFile section */

/* Begin PBXFileReference section */
		14361B76251CA9650050C11E /* Choose.storyboard */ = {isa = PBXFileReference; lastKnownFileType = file.storyboard; path = Choose.storyboard; sourceTree = "<group>"; };
		14361B79251CAC730050C11E /* ChooseView.swift */ = {isa = PBXFileReference; lastKnownFileType = sourcecode.swift; path = ChooseView.swift; sourceTree = "<group>"; };
		14361B7C251CBCEC0050C11E /* ReadLoud.storyboard */ = {isa = PBXFileReference; lastKnownFileType = file.storyboard; path = ReadLoud.storyboard; sourceTree = "<group>"; };
		14361B7F251CBD070050C11E /* ReadView.swift */ = {isa = PBXFileReference; lastKnownFileType = sourcecode.swift; path = ReadView.swift; sourceTree = "<group>"; };
		144F63B5252F371B00C9FFFB /* Try2VC.swift */ = {isa = PBXFileReference; lastKnownFileType = sourcecode.swift; path = Try2VC.swift; sourceTree = "<group>"; };
		146A23B6251BB34C003BD169 /* Start.storyboard */ = {isa = PBXFileReference; lastKnownFileType = file.storyboard; path = Start.storyboard; sourceTree = "<group>"; };
		146A23B9251BB36E003BD169 /* StartView.swift */ = {isa = PBXFileReference; lastKnownFileType = sourcecode.swift; path = StartView.swift; sourceTree = "<group>"; };
		14751FF82513575F00101FF8 /* dummasagostunden.app */ = {isa = PBXFileReference; explicitFileType = wrapper.application; includeInIndex = 0; path = dummasagostunden.app; sourceTree = BUILT_PRODUCTS_DIR; };
		14751FFB2513575F00101FF8 /* AppDelegate.swift */ = {isa = PBXFileReference; lastKnownFileType = sourcecode.swift; path = AppDelegate.swift; sourceTree = "<group>"; };
		14751FFD2513575F00101FF8 /* SceneDelegate.swift */ = {isa = PBXFileReference; lastKnownFileType = sourcecode.swift; path = SceneDelegate.swift; sourceTree = "<group>"; };
		14751FFF2513575F00101FF8 /* ViewController.swift */ = {isa = PBXFileReference; lastKnownFileType = sourcecode.swift; path = ViewController.swift; sourceTree = "<group>"; };
		147520022513575F00101FF8 /* Base */ = {isa = PBXFileReference; lastKnownFileType = file.storyboard; name = Base; path = Base.lproj/Main.storyboard; sourceTree = "<group>"; };
		147520042513576200101FF8 /* Assets.xcassets */ = {isa = PBXFileReference; lastKnownFileType = folder.assetcatalog; path = Assets.xcassets; sourceTree = "<group>"; };
		147520072513576200101FF8 /* Base */ = {isa = PBXFileReference; lastKnownFileType = file.storyboard; name = Base; path = Base.lproj/LaunchScreen.storyboard; sourceTree = "<group>"; };
		147520092513576200101FF8 /* Info.plist */ = {isa = PBXFileReference; lastKnownFileType = text.plist.xml; path = Info.plist; sourceTree = "<group>"; };
		14752012251360E800101FF8 /* StoryView.swift */ = {isa = PBXFileReference; lastKnownFileType = sourcecode.swift; path = StoryView.swift; sourceTree = "<group>"; };
		14B53493251BDEF600E91F41 /* Chewy-Regular.ttf */ = {isa = PBXFileReference; lastKnownFileType = file; path = "Chewy-Regular.ttf"; sourceTree = "<group>"; };
		14B5EE5E2539F302005FCDFE /* Musicplayer.swift */ = {isa = PBXFileReference; lastKnownFileType = sourcecode.swift; path = Musicplayer.swift; sourceTree = "<group>"; };
		14B5EE622539F94E005FCDFE /* Music.mp3 */ = {isa = PBXFileReference; lastKnownFileType = audio.mp3; name = Music.mp3; path = Assets.xcassets/Music.dataset/Music.mp3; sourceTree = "<group>"; };
		14B5EE68253A08C5005FCDFE /* Woosh.mp3 */ = {isa = PBXFileReference; lastKnownFileType = audio.mp3; path = Woosh.mp3; sourceTree = "<group>"; };
/* End PBXFileReference section */

/* Begin PBXFrameworksBuildPhase section */
		14751FF52513575F00101FF8 /* Frameworks */ = {
			isa = PBXFrameworksBuildPhase;
			buildActionMask = 2147483647;
			files = (
			);
			runOnlyForDeploymentPostprocessing = 0;
		};
/* End PBXFrameworksBuildPhase section */

/* Begin PBXGroup section */
		14361B74251CA8FA0050C11E /* Delegates */ = {
			isa = PBXGroup;
			children = (
				14751FFB2513575F00101FF8 /* AppDelegate.swift */,
				14751FFD2513575F00101FF8 /* SceneDelegate.swift */,
			);
			path = Delegates;
			sourceTree = "<group>";
		};
		14361B75251CA91E0050C11E /* Assets */ = {
			isa = PBXGroup;
			children = (
				14B5EE68253A08C5005FCDFE /* Woosh.mp3 */,
				14B5EE622539F94E005FCDFE /* Music.mp3 */,
				14B53493251BDEF600E91F41 /* Chewy-Regular.ttf */,
				147520042513576200101FF8 /* Assets.xcassets */,
			);
			path = Assets;
			sourceTree = "<group>";
		};
		14751FEF2513575F00101FF8 = {
			isa = PBXGroup;
			children = (
				14751FFA2513575F00101FF8 /* dummasagostunden */,
				14751FF92513575F00101FF8 /* Products */,
			);
			sourceTree = "<group>";
		};
		14751FF92513575F00101FF8 /* Products */ = {
			isa = PBXGroup;
			children = (
				14751FF82513575F00101FF8 /* dummasagostunden.app */,
			);
			name = Products;
			sourceTree = "<group>";
		};
		14751FFA2513575F00101FF8 /* dummasagostunden */ = {
			isa = PBXGroup;
			children = (
				14361B75251CA91E0050C11E /* Assets */,
				14361B74251CA8FA0050C11E /* Delegates */,
				1475200F25135FFB00101FF8 /* Storyboards */,
				14752014251360F100101FF8 /* ViewControllers */,
				147520092513576200101FF8 /* Info.plist */,
			);
			path = dummasagostunden;
			sourceTree = "<group>";
		};
		1475200F25135FFB00101FF8 /* Storyboards */ = {
			isa = PBXGroup;
			children = (
				146A23B6251BB34C003BD169 /* Start.storyboard */,
				147520012513575F00101FF8 /* Main.storyboard */,
				14361B76251CA9650050C11E /* Choose.storyboard */,
				14361B7C251CBCEC0050C11E /* ReadLoud.storyboard */,
				147520062513576200101FF8 /* LaunchScreen.storyboard */,
			);
			path = Storyboards;
			sourceTree = "<group>";
		};
		14752014251360F100101FF8 /* ViewControllers */ = {
			isa = PBXGroup;
			children = (
				14B5EE5E2539F302005FCDFE /* Musicplayer.swift */,
				14751FFF2513575F00101FF8 /* ViewController.swift */,
				14752012251360E800101FF8 /* StoryView.swift */,
				146A23B9251BB36E003BD169 /* StartView.swift */,
				14361B79251CAC730050C11E /* ChooseView.swift */,
				14361B7F251CBD070050C11E /* ReadView.swift */,
				144F63B5252F371B00C9FFFB /* Try2VC.swift */,
			);
			path = ViewControllers;
			sourceTree = "<group>";
		};
/* End PBXGroup section */

/* Begin PBXNativeTarget section */
		14751FF72513575F00101FF8 /* dummasagostunden */ = {
			isa = PBXNativeTarget;
			buildConfigurationList = 1475200C2513576200101FF8 /* Build configuration list for PBXNativeTarget "dummasagostunden" */;
			buildPhases = (
				14751FF42513575F00101FF8 /* Sources */,
				14751FF52513575F00101FF8 /* Frameworks */,
				14751FF62513575F00101FF8 /* Resources */,
			);
			buildRules = (
			);
			dependencies = (
			);
			name = dummasagostunden;
			productName = dummasagostunden;
			productReference = 14751FF82513575F00101FF8 /* dummasagostunden.app */;
			productType = "com.apple.product-type.application";
		};
/* End PBXNativeTarget section */

/* Begin PBXProject section */
		14751FF02513575F00101FF8 /* Project object */ = {
			isa = PBXProject;
			attributes = {
				LastSwiftUpdateCheck = 1200;
				LastUpgradeCheck = 1200;
				TargetAttributes = {
					14751FF72513575F00101FF8 = {
						CreatedOnToolsVersion = 12.0;
					};
				};
			};
			buildConfigurationList = 14751FF32513575F00101FF8 /* Build configuration list for PBXProject "dummasagostunden" */;
			compatibilityVersion = "Xcode 9.3";
			developmentRegion = en;
			hasScannedForEncodings = 0;
			knownRegions = (
				en,
				Base,
			);
			mainGroup = 14751FEF2513575F00101FF8;
			productRefGroup = 14751FF92513575F00101FF8 /* Products */;
			projectDirPath = "";
			projectRoot = "";
			targets = (
				14751FF72513575F00101FF8 /* dummasagostunden */,
			);
		};
/* End PBXProject section */

/* Begin PBXResourcesBuildPhase section */
		14751FF62513575F00101FF8 /* Resources */ = {
			isa = PBXResourcesBuildPhase;
			buildActionMask = 2147483647;
			files = (
				14B53494251BDEFB00E91F41 /* Chewy-Regular.ttf in Resources */,
				14361B7D251CBCEC0050C11E /* ReadLoud.storyboard in Resources */,
				14B5EE69253A08C5005FCDFE /* Woosh.mp3 in Resources */,
				147520082513576200101FF8 /* LaunchScreen.storyboard in Resources */,
				146A23B7251BB34C003BD169 /* Start.storyboard in Resources */,
				14B5EE632539F94E005FCDFE /* Music.mp3 in Resources */,
				147520052513576200101FF8 /* Assets.xcassets in Resources */,
				147520032513575F00101FF8 /* Main.storyboard in Resources */,
				14361B77251CA9650050C11E /* Choose.storyboard in Resources */,
			);
			runOnlyForDeploymentPostprocessing = 0;
		};
/* End PBXResourcesBuildPhase section */

/* Begin PBXSourcesBuildPhase section */
		14751FF42513575F00101FF8 /* Sources */ = {
			isa = PBXSourcesBuildPhase;
			buildActionMask = 2147483647;
			files = (
				147520002513575F00101FF8 /* ViewController.swift in Sources */,
				144F63B6252F371B00C9FFFB /* Try2VC.swift in Sources */,
				14361B7A251CAC730050C11E /* ChooseView.swift in Sources */,
				146A23BA251BB36E003BD169 /* StartView.swift in Sources */,
				14361B80251CBD070050C11E /* ReadView.swift in Sources */,
				14B5EE5F2539F302005FCDFE /* Musicplayer.swift in Sources */,
				14751FFC2513575F00101FF8 /* AppDelegate.swift in Sources */,
				14752013251360E800101FF8 /* StoryView.swift in Sources */,
				14751FFE2513575F00101FF8 /* SceneDelegate.swift in Sources */,
			);
			runOnlyForDeploymentPostprocessing = 0;
		};
/* End PBXSourcesBuildPhase section */

/* Begin PBXVariantGroup section */
		147520012513575F00101FF8 /* Main.storyboard */ = {
			isa = PBXVariantGroup;
			children = (
				147520022513575F00101FF8 /* Base */,
			);
			name = Main.storyboard;
			sourceTree = "<group>";
		};
		147520062513576200101FF8 /* LaunchScreen.storyboard */ = {
			isa = PBXVariantGroup;
			children = (
				147520072513576200101FF8 /* Base */,
			);
			name = LaunchScreen.storyboard;
			sourceTree = "<group>";
		};
/* End PBXVariantGroup section */

/* Begin XCBuildConfiguration section */
		1475200A2513576200101FF8 /* Debug */ = {
			isa = XCBuildConfiguration;
			buildSettings = {
				ALWAYS_SEARCH_USER_PATHS = NO;
				CLANG_ANALYZER_NONNULL = YES;
				CLANG_ANALYZER_NUMBER_OBJECT_CONVERSION = YES_AGGRESSIVE;
				CLANG_CXX_LANGUAGE_STANDARD = "gnu++14";
				CLANG_CXX_LIBRARY = "libc++";
				CLANG_ENABLE_MODULES = YES;
				CLANG_ENABLE_OBJC_ARC = YES;
				CLANG_ENABLE_OBJC_WEAK = YES;
				CLANG_WARN_BLOCK_CAPTURE_AUTORELEASING = YES;
				CLANG_WARN_BOOL_CONVERSION = YES;
				CLANG_WARN_COMMA = YES;
				CLANG_WARN_CONSTANT_CONVERSION = YES;
				CLANG_WARN_DEPRECATED_OBJC_IMPLEMENTATIONS = YES;
				CLANG_WARN_DIRECT_OBJC_ISA_USAGE = YES_ERROR;
				CLANG_WARN_DOCUMENTATION_COMMENTS = YES;
				CLANG_WARN_EMPTY_BODY = YES;
				CLANG_WARN_ENUM_CONVERSION = YES;
				CLANG_WARN_INFINITE_RECURSION = YES;
				CLANG_WARN_INT_CONVERSION = YES;
				CLANG_WARN_NON_LITERAL_NULL_CONVERSION = YES;
				CLANG_WARN_OBJC_IMPLICIT_RETAIN_SELF = YES;
				CLANG_WARN_OBJC_LITERAL_CONVERSION = YES;
				CLANG_WARN_OBJC_ROOT_CLASS = YES_ERROR;
				CLANG_WARN_QUOTED_INCLUDE_IN_FRAMEWORK_HEADER = YES;
				CLANG_WARN_RANGE_LOOP_ANALYSIS = YES;
				CLANG_WARN_STRICT_PROTOTYPES = YES;
				CLANG_WARN_SUSPICIOUS_MOVE = YES;
				CLANG_WARN_UNGUARDED_AVAILABILITY = YES_AGGRESSIVE;
				CLANG_WARN_UNREACHABLE_CODE = YES;
				CLANG_WARN__DUPLICATE_METHOD_MATCH = YES;
				COPY_PHASE_STRIP = NO;
				DEBUG_INFORMATION_FORMAT = dwarf;
				ENABLE_STRICT_OBJC_MSGSEND = YES;
				ENABLE_TESTABILITY = YES;
				GCC_C_LANGUAGE_STANDARD = gnu11;
				GCC_DYNAMIC_NO_PIC = NO;
				GCC_NO_COMMON_BLOCKS = YES;
				GCC_OPTIMIZATION_LEVEL = 0;
				GCC_PREPROCESSOR_DEFINITIONS = (
					"DEBUG=1",
					"$(inherited)",
				);
				GCC_WARN_64_TO_32_BIT_CONVERSION = YES;
				GCC_WARN_ABOUT_RETURN_TYPE = YES_ERROR;
				GCC_WARN_UNDECLARED_SELECTOR = YES;
				GCC_WARN_UNINITIALIZED_AUTOS = YES_AGGRESSIVE;
				GCC_WARN_UNUSED_FUNCTION = YES;
				GCC_WARN_UNUSED_VARIABLE = YES;
				IPHONEOS_DEPLOYMENT_TARGET = 14.0;
				MTL_ENABLE_DEBUG_INFO = INCLUDE_SOURCE;
				MTL_FAST_MATH = YES;
				ONLY_ACTIVE_ARCH = YES;
				SDKROOT = iphoneos;
				SWIFT_ACTIVE_COMPILATION_CONDITIONS = DEBUG;
				SWIFT_OPTIMIZATION_LEVEL = "-Onone";
			};
			name = Debug;
		};
		1475200B2513576200101FF8 /* Release */ = {
			isa = XCBuildConfiguration;
			buildSettings = {
				ALWAYS_SEARCH_USER_PATHS = NO;
				CLANG_ANALYZER_NONNULL = YES;
				CLANG_ANALYZER_NUMBER_OBJECT_CONVERSION = YES_AGGRESSIVE;
				CLANG_CXX_LANGUAGE_STANDARD = "gnu++14";
				CLANG_CXX_LIBRARY = "libc++";
				CLANG_ENABLE_MODULES = YES;
				CLANG_ENABLE_OBJC_ARC = YES;
				CLANG_ENABLE_OBJC_WEAK = YES;
				CLANG_WARN_BLOCK_CAPTURE_AUTORELEASING = YES;
				CLANG_WARN_BOOL_CONVERSION = YES;
				CLANG_WARN_COMMA = YES;
				CLANG_WARN_CONSTANT_CONVERSION = YES;
				CLANG_WARN_DEPRECATED_OBJC_IMPLEMENTATIONS = YES;
				CLANG_WARN_DIRECT_OBJC_ISA_USAGE = YES_ERROR;
				CLANG_WARN_DOCUMENTATION_COMMENTS = YES;
				CLANG_WARN_EMPTY_BODY = YES;
				CLANG_WARN_ENUM_CONVERSION = YES;
				CLANG_WARN_INFINITE_RECURSION = YES;
				CLANG_WARN_INT_CONVERSION = YES;
				CLANG_WARN_NON_LITERAL_NULL_CONVERSION = YES;
				CLANG_WARN_OBJC_IMPLICIT_RETAIN_SELF = YES;
				CLANG_WARN_OBJC_LITERAL_CONVERSION = YES;
				CLANG_WARN_OBJC_ROOT_CLASS = YES_ERROR;
				CLANG_WARN_QUOTED_INCLUDE_IN_FRAMEWORK_HEADER = YES;
				CLANG_WARN_RANGE_LOOP_ANALYSIS = YES;
				CLANG_WARN_STRICT_PROTOTYPES = YES;
				CLANG_WARN_SUSPICIOUS_MOVE = YES;
				CLANG_WARN_UNGUARDED_AVAILABILITY = YES_AGGRESSIVE;
				CLANG_WARN_UNREACHABLE_CODE = YES;
				CLANG_WARN__DUPLICATE_METHOD_MATCH = YES;
				COPY_PHASE_STRIP = NO;
				DEBUG_INFORMATION_FORMAT = "dwarf-with-dsym";
				ENABLE_NS_ASSERTIONS = NO;
				ENABLE_STRICT_OBJC_MSGSEND = YES;
				GCC_C_LANGUAGE_STANDARD = gnu11;
				GCC_NO_COMMON_BLOCKS = YES;
				GCC_WARN_64_TO_32_BIT_CONVERSION = YES;
				GCC_WARN_ABOUT_RETURN_TYPE = YES_ERROR;
				GCC_WARN_UNDECLARED_SELECTOR = YES;
				GCC_WARN_UNINITIALIZED_AUTOS = YES_AGGRESSIVE;
				GCC_WARN_UNUSED_FUNCTION = YES;
				GCC_WARN_UNUSED_VARIABLE = YES;
				IPHONEOS_DEPLOYMENT_TARGET = 14.0;
				MTL_ENABLE_DEBUG_INFO = NO;
				MTL_FAST_MATH = YES;
				SDKROOT = iphoneos;
				SWIFT_COMPILATION_MODE = wholemodule;
				SWIFT_OPTIMIZATION_LEVEL = "-O";
				VALIDATE_PRODUCT = YES;
			};
			name = Release;
		};
		1475200D2513576200101FF8 /* Debug */ = {
			isa = XCBuildConfiguration;
			buildSettings = {
				ASSETCATALOG_COMPILER_APPICON_NAME = AppIcon;
				ASSETCATALOG_COMPILER_GLOBAL_ACCENT_COLOR_NAME = AccentColor;
				CODE_SIGN_STYLE = Automatic;
				DEVELOPMENT_TEAM = 89DQD8B7D7;
				INFOPLIST_FILE = dummasagostunden/Info.plist;
				IPHONEOS_DEPLOYMENT_TARGET = 13.0;
				LD_RUNPATH_SEARCH_PATHS = (
					"$(inherited)",
					"@executable_path/Frameworks",
				);
				MARKETING_VERSION = 1.1;
				PRODUCT_BUNDLE_IDENTIFIER = com.pontuscroneld.dummasagostunden;
				PRODUCT_NAME = "$(TARGET_NAME)";
				SWIFT_VERSION = 5.0;
				TARGETED_DEVICE_FAMILY = "1,2";
			};
			name = Debug;
		};
		1475200E2513576200101FF8 /* Release */ = {
			isa = XCBuildConfiguration;
			buildSettings = {
				ASSETCATALOG_COMPILER_APPICON_NAME = AppIcon;
				ASSETCATALOG_COMPILER_GLOBAL_ACCENT_COLOR_NAME = AccentColor;
				CODE_SIGN_STYLE = Automatic;
				DEVELOPMENT_TEAM = 89DQD8B7D7;
				INFOPLIST_FILE = dummasagostunden/Info.plist;
				IPHONEOS_DEPLOYMENT_TARGET = 13.0;
				LD_RUNPATH_SEARCH_PATHS = (
					"$(inherited)",
					"@executable_path/Frameworks",
				);
				MARKETING_VERSION = 1.1;
				PRODUCT_BUNDLE_IDENTIFIER = com.pontuscroneld.dummasagostunden;
				PRODUCT_NAME = "$(TARGET_NAME)";
				SWIFT_VERSION = 5.0;
				TARGETED_DEVICE_FAMILY = "1,2";
			};
			name = Release;
		};
/* End XCBuildConfiguration section */

/* Begin XCConfigurationList section */
		14751FF32513575F00101FF8 /* Build configuration list for PBXProject "dummasagostunden" */ = {
			isa = XCConfigurationList;
			buildConfigurations = (
				1475200A2513576200101FF8 /* Debug */,
				1475200B2513576200101FF8 /* Release */,
			);
			defaultConfigurationIsVisible = 0;
			defaultConfigurationName = Release;
		};
		1475200C2513576200101FF8 /* Build configuration list for PBXNativeTarget "dummasagostunden" */ = {
			isa = XCConfigurationList;
			buildConfigurations = (
				1475200D2513576200101FF8 /* Debug */,
				1475200E2513576200101FF8 /* Release */,
			);
			defaultConfigurationIsVisible = 0;
			defaultConfigurationName = Release;
		};
/* End XCConfigurationList section */
	};
	rootObject = 14751FF02513575F00101FF8 /* Project object */;
}
